
Microsoft Visual Studio Solution File, Format Version 12.00
# Visual Studio Version 16
VisualStudioVersion = 16.0.30804.86
MinimumVisualStudioVersion = 15.0.26124.0
Project("{FAE04EC0-301F-11D3-BF4B-00C04F79EFBC}") = "My_Application", "My_Application\My_Application.csproj", "{377F721D-A9E5-4883-BA20-B1462B7B7B4D}"
EndProject
Project("{FAE04EC0-301F-11D3-BF4B-00C04F79EFBC}") = "Models", "Models\Models.csproj", "{8282885D-508B-4AC7-B459-5F69A2FA8C1F}"
EndProject
Project("{FAE04EC0-301F-11D3-BF4B-00C04F79EFBC}") = "Data", "Data\Data.csproj", "{95674A55-C12D-45F7-BF28-FED8B46E7898}"
EndProject
Global
	GlobalSection(SolutionConfigurationPlatforms) = preSolution
		Debug|Any CPU = Debug|Any CPU
		Debug|x64 = Debug|x64
		Debug|x86 = Debug|x86
		Release|Any CPU = Release|Any CPU
		Release|x64 = Release|x64
		Release|x86 = Release|x86
	EndGlobalSection
	GlobalSection(ProjectConfigurationPlatforms) = postSolution
		{377F721D-A9E5-4883-BA20-B1462B7B7B4D}.Debug|Any CPU.ActiveCfg = Debug|Any CPU
		{377F721D-A9E5-4883-BA20-B1462B7B7B4D}.Debug|Any CPU.Build.0 = Debug|Any CPU
		{377F721D-A9E5-4883-BA20-B1462B7B7B4D}.Debug|x64.ActiveCfg = Debug|Any CPU
		{377F721D-A9E5-4883-BA20-B1462B7B7B4D}.Debug|x64.Build.0 = Debug|Any CPU
		{377F721D-A9E5-4883-BA20-B1462B7B7B4D}.Debug|x86.ActiveCfg = Debug|Any CPU
		{377F721D-A9E5-4883-BA20-B1462B7B7B4D}.Debug|x86.Build.0 = Debug|Any CPU
		{377F721D-A9E5-4883-BA20-B1462B7B7B4D}.Release|Any CPU.ActiveCfg = Release|Any CPU
		{377F721D-A9E5-4883-BA20-B1462B7B7B4D}.Release|Any CPU.Build.0 = Release|Any CPU
		{377F721D-A9E5-4883-BA20-B1462B7B7B4D}.Release|x64.ActiveCfg = Release|Any CPU
		{377F721D-A9E5-4883-BA20-B1462B7B7B4D}.Release|x64.Build.0 = Release|Any CPU
		{377F721D-A9E5-4883-BA20-B1462B7B7B4D}.Release|x86.ActiveCfg = Release|Any CPU
		{377F721D-A9E5-4883-BA20-B1462B7B7B4D}.Release|x86.Build.0 = Release|Any CPU
		{8282885D-508B-4AC7-B459-5F69A2FA8C1F}.Debug|Any CPU.ActiveCfg = Debug|Any CPU
		{8282885D-508B-4AC7-B459-5F69A2FA8C1F}.Debug|Any CPU.Build.0 = Debug|Any CPU
		{8282885D-508B-4AC7-B459-5F69A2FA8C1F}.Debug|x64.ActiveCfg = Debug|Any CPU
		{8282885D-508B-4AC7-B459-5F69A2FA8C1F}.Debug|x64.Build.0 = Debug|Any CPU
		{8282885D-508B-4AC7-B459-5F69A2FA8C1F}.Debug|x86.ActiveCfg = Debug|Any CPU
		{8282885D-508B-4AC7-B459-5F69A2FA8C1F}.Debug|x86.Build.0 = Debug|Any CPU
		{8282885D-508B-4AC7-B459-5F69A2FA8C1F}.Release|Any CPU.ActiveCfg = Release|Any CPU
		{8282885D-508B-4AC7-B459-5F69A2FA8C1F}.Release|Any CPU.Build.0 = Release|Any CPU
		{8282885D-508B-4AC7-B459-5F69A2FA8C1F}.Release|x64.ActiveCfg = Release|Any CPU
		{8282885D-508B-4AC7-B459-5F69A2FA8C1F}.Release|x64.Build.0 = Release|Any CPU
		{8282885D-508B-4AC7-B459-5F69A2FA8C1F}.Release|x86.ActiveCfg = Release|Any CPU
		{8282885D-508B-4AC7-B459-5F69A2FA8C1F}.Release|x86.Build.0 = Release|Any CPU
		{95674A55-C12D-45F7-BF28-FED8B46E7898}.Debug|Any CPU.ActiveCfg = Debug|Any CPU
		{95674A55-C12D-45F7-BF28-FED8B46E7898}.Debug|Any CPU.Build.0 = Debug|Any CPU
		{95674A55-C12D-45F7-BF28-FED8B46E7898}.Debug|x64.ActiveCfg = Debug|Any CPU
		{95674A55-C12D-45F7-BF28-FED8B46E7898}.Debug|x64.Build.0 = Debug|Any CPU
		{95674A55-C12D-45F7-BF28-FED8B46E7898}.Debug|x86.ActiveCfg = Debug|Any CPU
		{95674A55-C12D-45F7-BF28-FED8B46E7898}.Debug|x86.Build.0 = Debug|Any CPU
		{95674A55-C12D-45F7-BF28-FED8B46E7898}.Release|Any CPU.ActiveCfg = Release|Any CPU
		{95674A55-C12D-45F7-BF28-FED8B46E7898}.Release|Any CPU.Build.0 = Release|Any CPU
		{95674A55-C12D-45F7-BF28-FED8B46E7898}.Release|x64.ActiveCfg = Release|Any CPU
		{95674A55-C12D-45F7-BF28-FED8B46E7898}.Release|x64.Build.0 = Release|Any CPU
		{95674A55-C12D-45F7-BF28-FED8B46E7898}.Release|x86.ActiveCfg = Release|Any CPU
		{95674A55-C12D-45F7-BF28-FED8B46E7898}.Release|x86.Build.0 = Release|Any CPU
	EndGlobalSection
	GlobalSection(SolutionProperties) = preSolution
		HideSolutionNode = FALSE
	EndGlobalSection
	GlobalSection(ExtensibilityGlobals) = postSolution
		SolutionGuid = {800A4652-0B10-4FD3-BFEF-F83A702A7DF5}
	EndGlobalSection
EndGlobal
